
Microsoft Visual Studio Solution File, Format Version 12.00
# Visual Studio 15
VisualStudioVersion = 15.0.28307.572
MinimumVisualStudioVersion = 10.0.40219.1
Project("{FAE04EC0-301F-11D3-BF4B-00C04F79EFBC}") = "RichTextBoxSample", "RichTextBoxSample\RichTextBoxSample.csproj", "{950D8E7E-3329-47C7-9716-9C496323A3A6}"
EndProject
Global
	GlobalSection(SolutionConfigurationPlatforms) = preSolution
		Debug|Any CPU = Debug|Any CPU
		Release|Any CPU = Release|Any CPU
	EndGlobalSection
	GlobalSection(ProjectConfigurationPlatforms) = postSolution
		{950D8E7E-3329-47C7-9716-9C496323A3A6}.Debug|Any CPU.ActiveCfg = Debug|Any CPU
		{950D8E7E-3329-47C7-9716-9C496323A3A6}.Debug|Any CPU.Build.0 = Debug|Any CPU
		{950D8E7E-3329-47C7-9716-9C496323A3A6}.Release|Any CPU.ActiveCfg = Release|Any CPU
		{950D8E7E-3329-47C7-9716-9C496323A3A6}.Release|Any CPU.Build.0 = Release|Any CPU
	EndGlobalSection
	GlobalSection(SolutionProperties) = preSolution
		HideSolutionNode = FALSE
	EndGlobalSection
	GlobalSection(ExtensibilityGlobals) = postSolution
		SolutionGuid = {8EA448D8-99CD-446B-9C1F-6F207477EB6C}
	EndGlobalSection
EndGlobal
